
Microsoft Visual Studio Solution File, Format Version 12.00
# Visual Studio Version 17
VisualStudioVersion = 17.6.33801.468
MinimumVisualStudioVersion = 10.0.40219.1
Project("{FAE04EC0-301F-11D3-BF4B-00C04F79EFBC}") = "HobbySwipe", "HobbySwipe\HobbySwipe.csproj", "{5F6D75B4-D398-46E3-B565-9C7A7F2BB5FA}"
EndProject
Global
	GlobalSection(SolutionConfigurationPlatforms) = preSolution
		Debug|Any CPU = Debug|Any CPU
		Release|Any CPU = Release|Any CPU
	EndGlobalSection
	GlobalSection(ProjectConfigurationPlatforms) = postSolution
		{5F6D75B4-D398-46E3-B565-9C7A7F2BB5FA}.Debug|Any CPU.ActiveCfg = Debug|Any CPU
		{5F6D75B4-D398-46E3-B565-9C7A7F2BB5FA}.Debug|Any CPU.Build.0 = Debug|Any CPU
		{5F6D75B4-D398-46E3-B565-9C7A7F2BB5FA}.Release|Any CPU.ActiveCfg = Release|Any CPU
		{5F6D75B4-D398-46E3-B565-9C7A7F2BB5FA}.Release|Any CPU.Build.0 = Release|Any CPU
	EndGlobalSection
	GlobalSection(SolutionProperties) = preSolution
		HideSolutionNode = FALSE
	EndGlobalSection
	GlobalSection(ExtensibilityGlobals) = postSolution
		SolutionGuid = {47C63FD5-6E36-4E74-AF6F-7BB203043512}
	EndGlobalSection
EndGlobal
